<?xml version="1.0" encoding="utf-8"?>
<Project ToolsVersion="4.0" xmlns="http://schemas.microsoft.com/developer/msbuild/2003">
  <ItemGroup>
    <Filter Include="源文件">
      <UniqueIdentifier>{4FC737F1-C7A5-4376-A066-2A32D752A2FF}</UniqueIdentifier>
      <Extensions>cpp;c;cc;cxx;def;odl;idl;hpj;bat;asm;asmx</Extensions>
    </Filter>
    <Filter Include="头文件">
      <UniqueIdentifier>{93995380-89BD-4b04-88EB-625FBE52EBFB}</UniqueIdentifier>
      <Extensions>h;hh;hpp;hxx;hm;inl;inc;xsd</Extensions>
    </Filter>
    <Filter Include="ext-source">
      <UniqueIdentifier>{858ff5f1-e19f-4412-a57e-20e9aaa09a83}</UniqueIdentifier>
    </Filter>
    <Filter Include="lib">
      <UniqueIdentifier>{20940564-1c68-4f5c-a95e-db87c98f8f51}</UniqueIdentifier>
    </Filter>
  </ItemGroup>
  <ItemGroup>
    <ClCompile Include="lib\libconvert.cpp">
      <Filter>ext-source</Filter>
    </ClCompile>
    <ClCompile Include="lib\Timer.cpp">
      <Filter>ext-source</Filter>
    </ClCompile>
    <ClCompile Include="lib\INIReader.cpp">
      <Filter>ext-source</Filter>
    </ClCompile>
    <ClCompile Include="src\Matrix.cpp">
      <Filter>源文件</Filter>
    </ClCompile>
    <ClCompile Include="src\neural.cpp">
      <Filter>源文件</Filter>
    </ClCompile>
    <ClCompile Include="src\NeuralLayer.cpp">
      <Filter>源文件</Filter>
    </ClCompile>
    <ClCompile Include="src\NeuralLayerConvolution.cpp">
      <Filter>源文件</Filter>
    </ClCompile>
    <ClCompile Include="src\NeuralLayerFull.cpp">
      <Filter>源文件</Filter>
    </ClCompile>
    <ClCompile Include="src\NeuralLayerPooling.cpp">
      <Filter>源文件</Filter>
    </ClCompile>
    <ClCompile Include="src\NeuralNet.cpp">
      <Filter>源文件</Filter>
    </ClCompile>
    <ClCompile Include="src\Test.cpp">
      <Filter>源文件</Filter>
    </ClCompile>
  </ItemGroup>
  <ItemGroup>
    <ClInclude Include="lib\libconvert.h">
      <Filter>ext-source</Filter>
    </ClInclude>
    <ClInclude Include="src\Matrix.h">
      <Filter>头文件</Filter>
    </ClInclude>
    <ClInclude Include="src\MyMath.h">
      <Filter>头文件</Filter>
    </ClInclude>
    <ClInclude Include="src\NeuralLayer.h">
      <Filter>头文件</Filter>
    </ClInclude>
    <ClInclude Include="src\NeuralLayerConvolution.h">
      <Filter>头文件</Filter>
    </ClInclude>
    <ClInclude Include="src\NeuralLayerFull.h">
      <Filter>头文件</Filter>
    </ClInclude>
    <ClInclude Include="src\NeuralLayerPooling.h">
      <Filter>头文件</Filter>
    </ClInclude>
    <ClInclude Include="src\NeuralNet.h">
      <Filter>头文件</Filter>
    </ClInclude>
    <ClInclude Include="src\Option.h">
      <Filter>头文件</Filter>
    </ClInclude>
    <ClInclude Include="src\Random.h">
      <Filter>头文件</Filter>
    </ClInclude>
    <ClInclude Include="src\Test.h">
      <Filter>头文件</Filter>
    </ClInclude>
    <ClInclude Include="src\types.h">
      <Filter>头文件</Filter>
    </ClInclude>
    <ClInclude Include="lib\INIReader.h">
      <Filter>ext-source</Filter>
    </ClInclude>
    <ClInclude Include="src\platforms.h">
      <Filter>头文件</Filter>
    </ClInclude>
  </ItemGroup>
  <ItemGroup>
    <None Include="..\README.md" />
    <None Include="src\Makefile" />
  </ItemGroup>
  <ItemGroup>
    <Library Include="lib\libopenblas64.dll.a">
      <Filter>lib</Filter>
    </Library>
  </ItemGroup>
</Project>